
Microsoft Visual Studio Solution File, Format Version 12.00
# Visual Studio Version 17
VisualStudioVersion = 17.8.34525.116
MinimumVisualStudioVersion = 10.0.40219.1
Project("{FAE04EC0-301F-11D3-BF4B-00C04F79EFBC}") = "SHOP", "SHOP.csproj", "{2AD1AE71-4052-4EA6-8369-20B638C77EBA}"
EndProject
Global
	GlobalSection(SolutionConfigurationPlatforms) = preSolution
		Debug|Any CPU = Debug|Any CPU
		Release|Any CPU = Release|Any CPU
	EndGlobalSection
	GlobalSection(ProjectConfigurationPlatforms) = postSolution
		{2AD1AE71-4052-4EA6-8369-20B638C77EBA}.Debug|Any CPU.ActiveCfg = Debug|Any CPU
		{2AD1AE71-4052-4EA6-8369-20B638C77EBA}.Debug|Any CPU.Build.0 = Debug|Any CPU
		{2AD1AE71-4052-4EA6-8369-20B638C77EBA}.Release|Any CPU.ActiveCfg = Release|Any CPU
		{2AD1AE71-4052-4EA6-8369-20B638C77EBA}.Release|Any CPU.Build.0 = Release|Any CPU
	EndGlobalSection
	GlobalSection(SolutionProperties) = preSolution
		HideSolutionNode = FALSE
	EndGlobalSection
	GlobalSection(ExtensibilityGlobals) = postSolution
		SolutionGuid = {885EF66F-FF49-447F-B104-A26FAA0098DC}
	EndGlobalSection
EndGlobal
